{
  "name": "ie11-preventdefault-bug",
  "version": "0.0.1",
  "lockfileVersion": 1,
  "requires": true,
  "dependencies": {
    "@stencil/core": {
      "version": "1.9.0-13",
      "resolved": "https://registry.npmjs.org/@stencil/core/-/core-1.9.0-13.tgz",
      "integrity": "sha512-cRLl9Cv22+5ys7+G1PgC0UApZFzCvLrLx5aiI22cbpz7RnXXRk8B7mTaQvp4+Lup5lCRp/z7LJYSCNdePbByhQ==",
      "dev": true,
      "requires": {
        "typescript": "3.7.4"
      }
    },
    "typescript": {
      "version": "3.7.4",
      "resolved": "https://registry.npmjs.org/typescript/-/typescript-3.7.4.tgz",
      "integrity": "sha512-A25xv5XCtarLwXpcDNZzCGvW2D1S3/bACratYBx2sax8PefsFhlYmkQicKHvpYflFS8if4zne5zT5kpJ7pzuvw==",
      "dev": true
    }
  }
}
